
Microsoft Visual Studio Solution File, Format Version 12.00
Project("{FAE04EC0-301F-11D3-BF4B-00C04F79EFBC}") = "FoodAppAI", "FoodAppAI\FoodAppAI.csproj", "{CFDC79C7-3815-48A9-9C5C-BFE0EF0A1469}"
EndProject
Global
	GlobalSection(SolutionConfigurationPlatforms) = preSolution
		Debug|Any CPU = Debug|Any CPU
		Release|Any CPU = Release|Any CPU
	EndGlobalSection
	GlobalSection(ProjectConfigurationPlatforms) = postSolution
		{CFDC79C7-3815-48A9-9C5C-BFE0EF0A1469}.Debug|Any CPU.ActiveCfg = Debug|Any CPU
		{CFDC79C7-3815-48A9-9C5C-BFE0EF0A1469}.Debug|Any CPU.Build.0 = Debug|Any CPU
		{CFDC79C7-3815-48A9-9C5C-BFE0EF0A1469}.Release|Any CPU.ActiveCfg = Release|Any CPU
		{CFDC79C7-3815-48A9-9C5C-BFE0EF0A1469}.Release|Any CPU.Build.0 = Release|Any CPU
	EndGlobalSection
EndGlobal
